# THIS IS AN AUTOGENERATED FILE. DO NOT EDIT THIS FILE DIRECTLY.
# yarn lockfile v1


"@babel/parser@^7.4.2":
  version "7.4.2"
  resolved "http://registry.npm.taobao.org/@babel/parser/download/@babel/parser-7.4.2.tgz#b4521a400cb5a871eab3890787b4bc1326d38d91"
  integrity sha1-tFIaQAy1qHHqs4kHh7S8EybTjZE=

core-js@^3.0.0:
  version "3.0.0"
  resolved "http://registry.npm.taobao.org/core-js/download/core-js-3.0.0.tgz#a8dbfa978d29bfc263bfb66c556d0ca924c28957"
  integrity sha1-qNv6l40pv8Jjv7ZsVW0MqSTCiVc=
